// !$*UTF8*$!
{
	archiveVersion = 1;
	classes = {
	};
	objectVersion = 56;
	objects = {

/* Begin PBXBuildFile section */
		CEFEABE328D25D9200600827 /* AppDelegate.swift in Sources */ = {isa = PBXBuildFile; fileRef = CEFEABE228D25D9200600827 /* AppDelegate.swift */; };
		CEFEABE528D25D9200600827 /* SceneDelegate.swift in Sources */ = {isa = PBXBuildFile; fileRef = CEFEABE428D25D9200600827 /* SceneDelegate.swift */; };
		CEFEABE728D25D9200600827 /* ViewController.swift in Sources */ = {isa = PBXBuildFile; fileRef = CEFEABE628D25D9200600827 /* ViewController.swift */; };
		CEFEABEA28D25D9200600827 /* Main.storyboard in Resources */ = {isa = PBXBuildFile; fileRef = CEFEABE828D25D9200600827 /* Main.storyboard */; };
		CEFEABEC28D25D9400600827 /* Assets.xcassets in Resources */ = {isa = PBXBuildFile; fileRef = CEFEABEB28D25D9400600827 /* Assets.xcassets */; };
		CEFEABEF28D25D9400600827 /* LaunchScreen.storyboard in Resources */ = {isa = PBXBuildFile; fileRef = CEFEABED28D25D9400600827 /* LaunchScreen.storyboard */; };
		CEFEABF728D279E900600827 /* TableViewController.swift in Sources */ = {isa = PBXBuildFile; fileRef = CEFEABF628D279E900600827 /* TableViewController.swift */; };
		CEFEABF928D2961200600827 /* Film.swift in Sources */ = {isa = PBXBuildFile; fileRef = CEFEABF828D2961200600827 /* Film.swift */; };
		CEFEABFB28D29A3600600827 /* DataFilms.swift in Sources */ = {isa = PBXBuildFile; fileRef = CEFEABFA28D29A3600600827 /* DataFilms.swift */; };
		CEFEABFD28D2A0FF00600827 /* CollectionViewCell.swift in Sources */ = {isa = PBXBuildFile; fileRef = CEFEABFC28D2A0FF00600827 /* CollectionViewCell.swift */; };
		CEFEABFF28D8B04200600827 /* FavoriteCollectionViewController.swift in Sources */ = {isa = PBXBuildFile; fileRef = CEFEABFE28D8B04200600827 /* FavoriteCollectionViewController.swift */; };
/* End PBXBuildFile section */

/* Begin PBXFileReference section */
		CEFEABDF28D25D9100600827 /* MeuPrimeiroAppiOS.app */ = {isa = PBXFileReference; explicitFileType = wrapper.application; includeInIndex = 0; path = MeuPrimeiroAppiOS.app; sourceTree = BUILT_PRODUCTS_DIR; };
		CEFEABE228D25D9200600827 /* AppDelegate.swift */ = {isa = PBXFileReference; lastKnownFileType = sourcecode.swift; path = AppDelegate.swift; sourceTree = "<group>"; };
		CEFEABE428D25D9200600827 /* SceneDelegate.swift */ = {isa = PBXFileReference; lastKnownFileType = sourcecode.swift; path = SceneDelegate.swift; sourceTree = "<group>"; };
		CEFEABE628D25D9200600827 /* ViewController.swift */ = {isa = PBXFileReference; lastKnownFileType = sourcecode.swift; path = ViewController.swift; sourceTree = "<group>"; };
		CEFEABE928D25D9200600827 /* Base */ = {isa = PBXFileReference; lastKnownFileType = file.storyboard; name = Base; path = Base.lproj/Main.storyboard; sourceTree = "<group>"; };
		CEFEABEB28D25D9400600827 /* Assets.xcassets */ = {isa = PBXFileReference; lastKnownFileType = folder.assetcatalog; path = Assets.xcassets; sourceTree = "<group>"; };
		CEFEABEE28D25D9400600827 /* Base */ = {isa = PBXFileReference; lastKnownFileType = file.storyboard; name = Base; path = Base.lproj/LaunchScreen.storyboard; sourceTree = "<group>"; };
		CEFEABF028D25D9400600827 /* Info.plist */ = {isa = PBXFileReference; lastKnownFileType = text.plist.xml; path = Info.plist; sourceTree = "<group>"; };
		CEFEABF628D279E900600827 /* TableViewController.swift */ = {isa = PBXFileReference; lastKnownFileType = sourcecode.swift; path = TableViewController.swift; sourceTree = "<group>"; };
		CEFEABF828D2961200600827 /* Film.swift */ = {isa = PBXFileReference; lastKnownFileType = sourcecode.swift; path = Film.swift; sourceTree = "<group>"; };
		CEFEABFA28D29A3600600827 /* DataFilms.swift */ = {isa = PBXFileReference; lastKnownFileType = sourcecode.swift; path = DataFilms.swift; sourceTree = "<group>"; };
		CEFEABFC28D2A0FF00600827 /* CollectionViewCell.swift */ = {isa = PBXFileReference; lastKnownFileType = sourcecode.swift; path = CollectionViewCell.swift; sourceTree = "<group>"; };
		CEFEABFE28D8B04200600827 /* FavoriteCollectionViewController.swift */ = {isa = PBXFileReference; lastKnownFileType = sourcecode.swift; path = FavoriteCollectionViewController.swift; sourceTree = "<group>"; };
/* End PBXFileReference section */

/* Begin PBXFrameworksBuildPhase section */
		CEFEABDC28D25D9100600827 /* Frameworks */ = {
			isa = PBXFrameworksBuildPhase;
			buildActionMask = 2147483647;
			files = (
			);
			runOnlyForDeploymentPostprocessing = 0;
		};
/* End PBXFrameworksBuildPhase section */

/* Begin PBXGroup section */
		CEFEABD628D25D9100600827 = {
			isa = PBXGroup;
			children = (
				CEFEABE128D25D9100600827 /* MeuPrimeiroAppiOS */,
				CEFEABE028D25D9100600827 /* Products */,
			);
			sourceTree = "<group>";
		};
		CEFEABE028D25D9100600827 /* Products */ = {
			isa = PBXGroup;
			children = (
				CEFEABDF28D25D9100600827 /* MeuPrimeiroAppiOS.app */,
			);
			name = Products;
			sourceTree = "<group>";
		};
		CEFEABE128D25D9100600827 /* MeuPrimeiroAppiOS */ = {
			isa = PBXGroup;
			children = (
				CEFEABE228D25D9200600827 /* AppDelegate.swift */,
				CEFEABE428D25D9200600827 /* SceneDelegate.swift */,
				CEFEABE628D25D9200600827 /* ViewController.swift */,
				CEFEABFA28D29A3600600827 /* DataFilms.swift */,
				CEFEABF628D279E900600827 /* TableViewController.swift */,
				CEFEABF828D2961200600827 /* Film.swift */,
				CEFEABE828D25D9200600827 /* Main.storyboard */,
				CEFEABFE28D8B04200600827 /* FavoriteCollectionViewController.swift */,
				CEFEABFC28D2A0FF00600827 /* CollectionViewCell.swift */,
				CEFEABEB28D25D9400600827 /* Assets.xcassets */,
				CEFEABED28D25D9400600827 /* LaunchScreen.storyboard */,
				CEFEABF028D25D9400600827 /* Info.plist */,
			);
			path = MeuPrimeiroAppiOS;
			sourceTree = "<group>";
		};
/* End PBXGroup section */

/* Begin PBXNativeTarget section */
		CEFEABDE28D25D9100600827 /* MeuPrimeiroAppiOS */ = {
			isa = PBXNativeTarget;
			buildConfigurationList = CEFEABF328D25D9400600827 /* Build configuration list for PBXNativeTarget "MeuPrimeiroAppiOS" */;
			buildPhases = (
				CEFEABDB28D25D9100600827 /* Sources */,
				CEFEABDC28D25D9100600827 /* Frameworks */,
				CEFEABDD28D25D9100600827 /* Resources */,
			);
			buildRules = (
			);
			dependencies = (
			);
			name = MeuPrimeiroAppiOS;
			productName = MeuPrimeiroAppiOS;
			productReference = CEFEABDF28D25D9100600827 /* MeuPrimeiroAppiOS.app */;
			productType = "com.apple.product-type.application";
		};
/* End PBXNativeTarget section */

/* Begin PBXProject section */
		CEFEABD728D25D9100600827 /* Project object */ = {
			isa = PBXProject;
			attributes = {
				BuildIndependentTargetsInParallel = 1;
				LastSwiftUpdateCheck = 1400;
				LastUpgradeCheck = 1400;
				TargetAttributes = {
					CEFEABDE28D25D9100600827 = {
						CreatedOnToolsVersion = 14.0;
					};
				};
			};
			buildConfigurationList = CEFEABDA28D25D9100600827 /* Build configuration list for PBXProject "MeuPrimeiroAppiOS" */;
			compatibilityVersion = "Xcode 14.0";
			developmentRegion = en;
			hasScannedForEncodings = 0;
			knownRegions = (
				en,
				Base,
			);
			mainGroup = CEFEABD628D25D9100600827;
			productRefGroup = CEFEABE028D25D9100600827 /* Products */;
			projectDirPath = "";
			projectRoot = "";
			targets = (
				CEFEABDE28D25D9100600827 /* MeuPrimeiroAppiOS */,
			);
		};
/* End PBXProject section */

/* Begin PBXResourcesBuildPhase section */
		CEFEABDD28D25D9100600827 /* Resources */ = {
			isa = PBXResourcesBuildPhase;
			buildActionMask = 2147483647;
			files = (
				CEFEABEF28D25D9400600827 /* LaunchScreen.storyboard in Resources */,
				CEFEABEC28D25D9400600827 /* Assets.xcassets in Resources */,
				CEFEABEA28D25D9200600827 /* Main.storyboard in Resources */,
			);
			runOnlyForDeploymentPostprocessing = 0;
		};
/* End PBXResourcesBuildPhase section */

/* Begin PBXSourcesBuildPhase section */
		CEFEABDB28D25D9100600827 /* Sources */ = {
			isa = PBXSourcesBuildPhase;
			buildActionMask = 2147483647;
			files = (
				CEFEABF928D2961200600827 /* Film.swift in Sources */,
				CEFEABE728D25D9200600827 /* ViewController.swift in Sources */,
				CEFEABE328D25D9200600827 /* AppDelegate.swift in Sources */,
				CEFEABFD28D2A0FF00600827 /* CollectionViewCell.swift in Sources */,
				CEFEABFF28D8B04200600827 /* FavoriteCollectionViewController.swift in Sources */,
				CEFEABFB28D29A3600600827 /* DataFilms.swift in Sources */,
				CEFEABE528D25D9200600827 /* SceneDelegate.swift in Sources */,
				CEFEABF728D279E900600827 /* TableViewController.swift in Sources */,
			);
			runOnlyForDeploymentPostprocessing = 0;
		};
/* End PBXSourcesBuildPhase section */

/* Begin PBXVariantGroup section */
		CEFEABE828D25D9200600827 /* Main.storyboard */ = {
			isa = PBXVariantGroup;
			children = (
				CEFEABE928D25D9200600827 /* Base */,
			);
			name = Main.storyboard;
			sourceTree = "<group>";
		};
		CEFEABED28D25D9400600827 /* LaunchScreen.storyboard */ = {
			isa = PBXVariantGroup;
			children = (
				CEFEABEE28D25D9400600827 /* Base */,
			);
			name = LaunchScreen.storyboard;
			sourceTree = "<group>";
		};
/* End PBXVariantGroup section */

/* Begin XCBuildConfiguration section */
		CEFEABF128D25D9400600827 /* Debug */ = {
			isa = XCBuildConfiguration;
			buildSettings = {
				ALWAYS_SEARCH_USER_PATHS = NO;
				CLANG_ANALYZER_NONNULL = YES;
				CLANG_ANALYZER_NUMBER_OBJECT_CONVERSION = YES_AGGRESSIVE;
				CLANG_CXX_LANGUAGE_STANDARD = "gnu++20";
				CLANG_ENABLE_MODULES = YES;
				CLANG_ENABLE_OBJC_ARC = YES;
				CLANG_ENABLE_OBJC_WEAK = YES;
				CLANG_WARN_BLOCK_CAPTURE_AUTORELEASING = YES;
				CLANG_WARN_BOOL_CONVERSION = YES;
				CLANG_WARN_COMMA = YES;
				CLANG_WARN_CONSTANT_CONVERSION = YES;
				CLANG_WARN_DEPRECATED_OBJC_IMPLEMENTATIONS = YES;
				CLANG_WARN_DIRECT_OBJC_ISA_USAGE = YES_ERROR;
				CLANG_WARN_DOCUMENTATION_COMMENTS = YES;
				CLANG_WARN_EMPTY_BODY = YES;
				CLANG_WARN_ENUM_CONVERSION = YES;
				CLANG_WARN_INFINITE_RECURSION = YES;
				CLANG_WARN_INT_CONVERSION = YES;
				CLANG_WARN_NON_LITERAL_NULL_CONVERSION = YES;
				CLANG_WARN_OBJC_IMPLICIT_RETAIN_SELF = YES;
				CLANG_WARN_OBJC_LITERAL_CONVERSION = YES;
				CLANG_WARN_OBJC_ROOT_CLASS = YES_ERROR;
				CLANG_WARN_QUOTED_INCLUDE_IN_FRAMEWORK_HEADER = YES;
				CLANG_WARN_RANGE_LOOP_ANALYSIS = YES;
				CLANG_WARN_STRICT_PROTOTYPES = YES;
				CLANG_WARN_SUSPICIOUS_MOVE = YES;
				CLANG_WARN_UNGUARDED_AVAILABILITY = YES_AGGRESSIVE;
				CLANG_WARN_UNREACHABLE_CODE = YES;
				CLANG_WARN__DUPLICATE_METHOD_MATCH = YES;
				COPY_PHASE_STRIP = NO;
				DEBUG_INFORMATION_FORMAT = dwarf;
				ENABLE_STRICT_OBJC_MSGSEND = YES;
				ENABLE_TESTABILITY = YES;
				GCC_C_LANGUAGE_STANDARD = gnu11;
				GCC_DYNAMIC_NO_PIC = NO;
				GCC_NO_COMMON_BLOCKS = YES;
				GCC_OPTIMIZATION_LEVEL = 0;
				GCC_PREPROCESSOR_DEFINITIONS = (
					"DEBUG=1",
					"$(inherited)",
				);
				GCC_WARN_64_TO_32_BIT_CONVERSION = YES;
				GCC_WARN_ABOUT_RETURN_TYPE = YES_ERROR;
				GCC_WARN_UNDECLARED_SELECTOR = YES;
				GCC_WARN_UNINITIALIZED_AUTOS = YES_AGGRESSIVE;
				GCC_WARN_UNUSED_FUNCTION = YES;
				GCC_WARN_UNUSED_VARIABLE = YES;
				IPHONEOS_DEPLOYMENT_TARGET = 16.0;
				MTL_ENABLE_DEBUG_INFO = INCLUDE_SOURCE;
				MTL_FAST_MATH = YES;
				ONLY_ACTIVE_ARCH = YES;
				SDKROOT = iphoneos;
				SWIFT_ACTIVE_COMPILATION_CONDITIONS = DEBUG;
				SWIFT_OPTIMIZATION_LEVEL = "-Onone";
			};
			name = Debug;
		};
		CEFEABF228D25D9400600827 /* Release */ = {
			isa = XCBuildConfiguration;
			buildSettings = {
				ALWAYS_SEARCH_USER_PATHS = NO;
				CLANG_ANALYZER_NONNULL = YES;
				CLANG_ANALYZER_NUMBER_OBJECT_CONVERSION = YES_AGGRESSIVE;
				CLANG_CXX_LANGUAGE_STANDARD = "gnu++20";
				CLANG_ENABLE_MODULES = YES;
				CLANG_ENABLE_OBJC_ARC = YES;
				CLANG_ENABLE_OBJC_WEAK = YES;
				CLANG_WARN_BLOCK_CAPTURE_AUTORELEASING = YES;
				CLANG_WARN_BOOL_CONVERSION = YES;
				CLANG_WARN_COMMA = YES;
				CLANG_WARN_CONSTANT_CONVERSION = YES;
				CLANG_WARN_DEPRECATED_OBJC_IMPLEMENTATIONS = YES;
				CLANG_WARN_DIRECT_OBJC_ISA_USAGE = YES_ERROR;
				CLANG_WARN_DOCUMENTATION_COMMENTS = YES;
				CLANG_WARN_EMPTY_BODY = YES;
				CLANG_WARN_ENUM_CONVERSION = YES;
				CLANG_WARN_INFINITE_RECURSION = YES;
				CLANG_WARN_INT_CONVERSION = YES;
				CLANG_WARN_NON_LITERAL_NULL_CONVERSION = YES;
				CLANG_WARN_OBJC_IMPLICIT_RETAIN_SELF = YES;
				CLANG_WARN_OBJC_LITERAL_CONVERSION = YES;
				CLANG_WARN_OBJC_ROOT_CLASS = YES_ERROR;
				CLANG_WARN_QUOTED_INCLUDE_IN_FRAMEWORK_HEADER = YES;
				CLANG_WARN_RANGE_LOOP_ANALYSIS = YES;
				CLANG_WARN_STRICT_PROTOTYPES = YES;
				CLANG_WARN_SUSPICIOUS_MOVE = YES;
				CLANG_WARN_UNGUARDED_AVAILABILITY = YES_AGGRESSIVE;
				CLANG_WARN_UNREACHABLE_CODE = YES;
				CLANG_WARN__DUPLICATE_METHOD_MATCH = YES;
				COPY_PHASE_STRIP = NO;
				DEBUG_INFORMATION_FORMAT = "dwarf-with-dsym";
				ENABLE_NS_ASSERTIONS = NO;
				ENABLE_STRICT_OBJC_MSGSEND = YES;
				GCC_C_LANGUAGE_STANDARD = gnu11;
				GCC_NO_COMMON_BLOCKS = YES;
				GCC_WARN_64_TO_32_BIT_CONVERSION = YES;
				GCC_WARN_ABOUT_RETURN_TYPE = YES_ERROR;
				GCC_WARN_UNDECLARED_SELECTOR = YES;
				GCC_WARN_UNINITIALIZED_AUTOS = YES_AGGRESSIVE;
				GCC_WARN_UNUSED_FUNCTION = YES;
				GCC_WARN_UNUSED_VARIABLE = YES;
				IPHONEOS_DEPLOYMENT_TARGET = 16.0;
				MTL_ENABLE_DEBUG_INFO = NO;
				MTL_FAST_MATH = YES;
				SDKROOT = iphoneos;
				SWIFT_COMPILATION_MODE = wholemodule;
				SWIFT_OPTIMIZATION_LEVEL = "-O";
				VALIDATE_PRODUCT = YES;
			};
			name = Release;
		};
		CEFEABF428D25D9400600827 /* Debug */ = {
			isa = XCBuildConfiguration;
			buildSettings = {
				ASSETCATALOG_COMPILER_APPICON_NAME = AppIcon;
				ASSETCATALOG_COMPILER_GLOBAL_ACCENT_COLOR_NAME = AccentColor;
				CODE_SIGN_STYLE = Automatic;
				CURRENT_PROJECT_VERSION = 1;
				DEVELOPMENT_TEAM = 74L8RG47XJ;
				GENERATE_INFOPLIST_FILE = YES;
				INFOPLIST_FILE = MeuPrimeiroAppiOS/Info.plist;
				INFOPLIST_KEY_UIApplicationSupportsIndirectInputEvents = YES;
				INFOPLIST_KEY_UILaunchStoryboardName = LaunchScreen;
				INFOPLIST_KEY_UIMainStoryboardFile = Main;
				INFOPLIST_KEY_UISupportedInterfaceOrientations_iPad = "UIInterfaceOrientationPortrait UIInterfaceOrientationPortraitUpsideDown UIInterfaceOrientationLandscapeLeft UIInterfaceOrientationLandscapeRight";
				INFOPLIST_KEY_UISupportedInterfaceOrientations_iPhone = "UIInterfaceOrientationPortrait UIInterfaceOrientationLandscapeLeft UIInterfaceOrientationLandscapeRight";
				LD_RUNPATH_SEARCH_PATHS = (
					"$(inherited)",
					"@executable_path/Frameworks",
				);
				MARKETING_VERSION = 1.0;
				PRODUCT_BUNDLE_IDENTIFIER = br.com.udemy.MeuPrimeiroAppiOS;
				PRODUCT_NAME = "$(TARGET_NAME)";
				SWIFT_EMIT_LOC_STRINGS = YES;
				SWIFT_VERSION = 5.0;
				TARGETED_DEVICE_FAMILY = "1,2";
			};
			name = Debug;
		};
		CEFEABF528D25D9400600827 /* Release */ = {
			isa = XCBuildConfiguration;
			buildSettings = {
				ASSETCATALOG_COMPILER_APPICON_NAME = AppIcon;
				ASSETCATALOG_COMPILER_GLOBAL_ACCENT_COLOR_NAME = AccentColor;
				CODE_SIGN_STYLE = Automatic;
				CURRENT_PROJECT_VERSION = 1;
				DEVELOPMENT_TEAM = 74L8RG47XJ;
				GENERATE_INFOPLIST_FILE = YES;
				INFOPLIST_FILE = MeuPrimeiroAppiOS/Info.plist;
				INFOPLIST_KEY_UIApplicationSupportsIndirectInputEvents = YES;
				INFOPLIST_KEY_UILaunchStoryboardName = LaunchScreen;
				INFOPLIST_KEY_UIMainStoryboardFile = Main;
				INFOPLIST_KEY_UISupportedInterfaceOrientations_iPad = "UIInterfaceOrientationPortrait UIInterfaceOrientationPortraitUpsideDown UIInterfaceOrientationLandscapeLeft UIInterfaceOrientationLandscapeRight";
				INFOPLIST_KEY_UISupportedInterfaceOrientations_iPhone = "UIInterfaceOrientationPortrait UIInterfaceOrientationLandscapeLeft UIInterfaceOrientationLandscapeRight";
				LD_RUNPATH_SEARCH_PATHS = (
					"$(inherited)",
					"@executable_path/Frameworks",
				);
				MARKETING_VERSION = 1.0;
				PRODUCT_BUNDLE_IDENTIFIER = br.com.udemy.MeuPrimeiroAppiOS;
				PRODUCT_NAME = "$(TARGET_NAME)";
				SWIFT_EMIT_LOC_STRINGS = YES;
				SWIFT_VERSION = 5.0;
				TARGETED_DEVICE_FAMILY = "1,2";
			};
			name = Release;
		};
/* End XCBuildConfiguration section */

/* Begin XCConfigurationList section */
		CEFEABDA28D25D9100600827 /* Build configuration list for PBXProject "MeuPrimeiroAppiOS" */ = {
			isa = XCConfigurationList;
			buildConfigurations = (
				CEFEABF128D25D9400600827 /* Debug */,
				CEFEABF228D25D9400600827 /* Release */,
			);
			defaultConfigurationIsVisible = 0;
			defaultConfigurationName = Release;
		};
		CEFEABF328D25D9400600827 /* Build configuration list for PBXNativeTarget "MeuPrimeiroAppiOS" */ = {
			isa = XCConfigurationList;
			buildConfigurations = (
				CEFEABF428D25D9400600827 /* Debug */,
				CEFEABF528D25D9400600827 /* Release */,
			);
			defaultConfigurationIsVisible = 0;
			defaultConfigurationName = Release;
		};
/* End XCConfigurationList section */
	};
	rootObject = CEFEABD728D25D9100600827 /* Project object */;
}
